
Microsoft Visual Studio Solution File, Format Version 12.00
Project("{2150E333-8FDC-42A3-9474-1A3956D46DE8}") = "src", "src", "{824D4651-883F-4429-9005-1A63271F581A}"
EndProject
Project("{FAE04EC0-301F-11D3-BF4B-00C04F79EFBC}") = "Orders.Api", "Orders.Api\Orders.Api.csproj", "{E185F5EB-82A5-4745-B160-8051F74BA302}"
EndProject
Project("{FAE04EC0-301F-11D3-BF4B-00C04F79EFBC}") = "Shippings.Api", "Shippings.Api\Shippings.Api.csproj", "{7AA0DCA6-0CB1-4AEF-8151-C8C230E560F8}"
EndProject
Project("{FAE04EC0-301F-11D3-BF4B-00C04F79EFBC}") = "Payments.Api", "Payments.Api\Payments.Api.csproj", "{5258B20F-0DCD-430A-AD0A-D156756A171C}"
EndProject
Project("{2150E333-8FDC-42A3-9474-1A3956D46DE8}") = "SagaPattern.Services.Orders", "SagaPattern.Services.Orders", "{B100D88A-0635-458E-A2E0-4A3A82E7F63D}"
EndProject
Project("{2150E333-8FDC-42A3-9474-1A3956D46DE8}") = "src", "src", "{2053063C-29F8-4D5E-B95B-656FB17A2F15}"
EndProject
Project("{2150E333-8FDC-42A3-9474-1A3956D46DE8}") = "SagaPattern.Services.Payments", "SagaPattern.Services.Payments", "{C9F67954-6843-4739-A7B7-0C9E25B4BD83}"
EndProject
Project("{2150E333-8FDC-42A3-9474-1A3956D46DE8}") = "SagaPattern.Services.Shippings", "SagaPattern.Services.Shippings", "{F0FC0CD6-70F3-4B7C-A7E1-92C119F7F619}"
EndProject
Project("{2150E333-8FDC-42A3-9474-1A3956D46DE8}") = "src", "src", "{D77D2904-1334-4946-9FD4-50EBFFE06958}"
EndProject
Project("{2150E333-8FDC-42A3-9474-1A3956D46DE8}") = "Components", "Components", "{054436AD-F1DF-41DC-BF05-E1C26E446E80}"
EndProject
Project("{FAE04EC0-301F-11D3-BF4B-00C04F79EFBC}") = "SagaPattern.Commons", "SagaPattern.Commons\SagaPattern.Commons.csproj", "{5D448C87-AC14-4B55-B092-7E07A1DACA4F}"
EndProject
Global
	GlobalSection(SolutionConfigurationPlatforms) = preSolution
		Debug|Any CPU = Debug|Any CPU
		Release|Any CPU = Release|Any CPU
	EndGlobalSection
	GlobalSection(NestedProjects) = preSolution
		{5258B20F-0DCD-430A-AD0A-D156756A171C} = {824D4651-883F-4429-9005-1A63271F581A}
		{2053063C-29F8-4D5E-B95B-656FB17A2F15} = {B100D88A-0635-458E-A2E0-4A3A82E7F63D}
		{E185F5EB-82A5-4745-B160-8051F74BA302} = {2053063C-29F8-4D5E-B95B-656FB17A2F15}
		{824D4651-883F-4429-9005-1A63271F581A} = {C9F67954-6843-4739-A7B7-0C9E25B4BD83}
		{D77D2904-1334-4946-9FD4-50EBFFE06958} = {F0FC0CD6-70F3-4B7C-A7E1-92C119F7F619}
		{7AA0DCA6-0CB1-4AEF-8151-C8C230E560F8} = {D77D2904-1334-4946-9FD4-50EBFFE06958}
		{5D448C87-AC14-4B55-B092-7E07A1DACA4F} = {054436AD-F1DF-41DC-BF05-E1C26E446E80}
	EndGlobalSection
	GlobalSection(ProjectConfigurationPlatforms) = postSolution
		{E185F5EB-82A5-4745-B160-8051F74BA302}.Debug|Any CPU.ActiveCfg = Debug|Any CPU
		{E185F5EB-82A5-4745-B160-8051F74BA302}.Debug|Any CPU.Build.0 = Debug|Any CPU
		{E185F5EB-82A5-4745-B160-8051F74BA302}.Release|Any CPU.ActiveCfg = Release|Any CPU
		{E185F5EB-82A5-4745-B160-8051F74BA302}.Release|Any CPU.Build.0 = Release|Any CPU
		{7AA0DCA6-0CB1-4AEF-8151-C8C230E560F8}.Debug|Any CPU.ActiveCfg = Debug|Any CPU
		{7AA0DCA6-0CB1-4AEF-8151-C8C230E560F8}.Debug|Any CPU.Build.0 = Debug|Any CPU
		{7AA0DCA6-0CB1-4AEF-8151-C8C230E560F8}.Release|Any CPU.ActiveCfg = Release|Any CPU
		{7AA0DCA6-0CB1-4AEF-8151-C8C230E560F8}.Release|Any CPU.Build.0 = Release|Any CPU
		{5258B20F-0DCD-430A-AD0A-D156756A171C}.Debug|Any CPU.ActiveCfg = Debug|Any CPU
		{5258B20F-0DCD-430A-AD0A-D156756A171C}.Debug|Any CPU.Build.0 = Debug|Any CPU
		{5258B20F-0DCD-430A-AD0A-D156756A171C}.Release|Any CPU.ActiveCfg = Release|Any CPU
		{5258B20F-0DCD-430A-AD0A-D156756A171C}.Release|Any CPU.Build.0 = Release|Any CPU
		{5D448C87-AC14-4B55-B092-7E07A1DACA4F}.Debug|Any CPU.ActiveCfg = Debug|Any CPU
		{5D448C87-AC14-4B55-B092-7E07A1DACA4F}.Debug|Any CPU.Build.0 = Debug|Any CPU
		{5D448C87-AC14-4B55-B092-7E07A1DACA4F}.Release|Any CPU.ActiveCfg = Release|Any CPU
		{5D448C87-AC14-4B55-B092-7E07A1DACA4F}.Release|Any CPU.Build.0 = Release|Any CPU
	EndGlobalSection
EndGlobal
